
Microsoft Visual Studio Solution File, Format Version 12.00
# Visual Studio Version 17
VisualStudioVersion = 17.7.34202.233
MinimumVisualStudioVersion = 10.0.40219.1
Project("{FAE04EC0-301F-11D3-BF4B-00C04F79EFBC}") = "GitExample", "GitExample\GitExample.csproj", "{A77FF1E6-5C8E-4756-9113-42DFBA1C2779}"
EndProject
Global
	GlobalSection(SolutionConfigurationPlatforms) = preSolution
		Debug|Any CPU = Debug|Any CPU
		Release|Any CPU = Release|Any CPU
	EndGlobalSection
	GlobalSection(ProjectConfigurationPlatforms) = postSolution
		{A77FF1E6-5C8E-4756-9113-42DFBA1C2779}.Debug|Any CPU.ActiveCfg = Debug|Any CPU
		{A77FF1E6-5C8E-4756-9113-42DFBA1C2779}.Debug|Any CPU.Build.0 = Debug|Any CPU
		{A77FF1E6-5C8E-4756-9113-42DFBA1C2779}.Release|Any CPU.ActiveCfg = Release|Any CPU
		{A77FF1E6-5C8E-4756-9113-42DFBA1C2779}.Release|Any CPU.Build.0 = Release|Any CPU
	EndGlobalSection
	GlobalSection(SolutionProperties) = preSolution
		HideSolutionNode = FALSE
	EndGlobalSection
	GlobalSection(ExtensibilityGlobals) = postSolution
		SolutionGuid = {068A683A-64C7-4D3B-B7AB-6CE892E6B088}
	EndGlobalSection
EndGlobal
